
Microsoft Visual Studio Solution File, Format Version 12.00
# Visual Studio Version 16
VisualStudioVersion = 16.0.31005.135
MinimumVisualStudioVersion = 10.0.40219.1
Project("{FAE04EC0-301F-11D3-BF4B-00C04F79EFBC}") = "CaesarCipher", "CaesarCipher.csproj", "{A858742B-72A0-457F-AF77-B80B9AA8CABE}"
EndProject
Global
	GlobalSection(SolutionConfigurationPlatforms) = preSolution
		Debug|Any CPU = Debug|Any CPU
		Release|Any CPU = Release|Any CPU
	EndGlobalSection
	GlobalSection(ProjectConfigurationPlatforms) = postSolution
		{A858742B-72A0-457F-AF77-B80B9AA8CABE}.Debug|Any CPU.ActiveCfg = Debug|Any CPU
		{A858742B-72A0-457F-AF77-B80B9AA8CABE}.Debug|Any CPU.Build.0 = Debug|Any CPU
		{A858742B-72A0-457F-AF77-B80B9AA8CABE}.Release|Any CPU.ActiveCfg = Release|Any CPU
		{A858742B-72A0-457F-AF77-B80B9AA8CABE}.Release|Any CPU.Build.0 = Release|Any CPU
	EndGlobalSection
	GlobalSection(SolutionProperties) = preSolution
		HideSolutionNode = FALSE
	EndGlobalSection
	GlobalSection(ExtensibilityGlobals) = postSolution
		SolutionGuid = {0A074698-C165-4A5F-B159-64DB2256752E}
	EndGlobalSection
EndGlobal
